
Microsoft Visual Studio Solution File, Format Version 12.00
Project("{FAE04EC0-301F-11D3-BF4B-00C04F79EFBC}") = "Demo", "Demo\Demo.csproj", "{07C7A192-022C-42CD-9424-98DD479973F4}"
EndProject
Global
	GlobalSection(SolutionConfigurationPlatforms) = preSolution
		Debug|Any CPU = Debug|Any CPU
		Release|Any CPU = Release|Any CPU
	EndGlobalSection
	GlobalSection(ProjectConfigurationPlatforms) = postSolution
		{07C7A192-022C-42CD-9424-98DD479973F4}.Debug|Any CPU.ActiveCfg = Debug|Any CPU
		{07C7A192-022C-42CD-9424-98DD479973F4}.Debug|Any CPU.Build.0 = Debug|Any CPU
		{07C7A192-022C-42CD-9424-98DD479973F4}.Release|Any CPU.ActiveCfg = Release|Any CPU
		{07C7A192-022C-42CD-9424-98DD479973F4}.Release|Any CPU.Build.0 = Release|Any CPU
	EndGlobalSection
EndGlobal
